
Microsoft Visual Studio Solution File, Format Version 12.00
# Visual Studio 14
VisualStudioVersion = 14.0.25123.0
MinimumVisualStudioVersion = 10.0.40219.1
Project("{FAE04EC0-301F-11D3-BF4B-00C04F79EFBC}") = "DominoApp", "DominoApp\DominoApp.csproj", "{B8F8BBB2-7CA3-4C2B-9824-86F94C6615F3}"
EndProject
Project("{FAE04EC0-301F-11D3-BF4B-00C04F79EFBC}") = "DominoApp.Tests", "DominoApp.Tests\DominoApp.Tests.csproj", "{07AA0A73-F24C-4087-9E44-7EE906702F84}"
EndProject
Project("{2150E333-8FDC-42A3-9474-1A3956D46DE8}") = "App", "App", "{53EBAB49-37FB-4D38-9802-98CE7D140601}"
EndProject
Project("{2150E333-8FDC-42A3-9474-1A3956D46DE8}") = "Libs", "Libs", "{D5EC9836-1D9E-41A2-94A9-98FFB9F4AE23}"
EndProject
Project("{FAE04EC0-301F-11D3-BF4B-00C04F79EFBC}") = "DominoApp.Data", "DominoApp.Data\DominoApp.Data.csproj", "{DB30CDB0-3598-42D8-978C-35BB8087BF2C}"
EndProject
Project("{FAE04EC0-301F-11D3-BF4B-00C04F79EFBC}") = "DominoApp.DomainModel", "DominoApp.DomainModel\DominoApp.DomainModel.csproj", "{F0BE6FB3-154D-4FEC-A62B-A9BFFD3D67CD}"
EndProject
Project("{FAE04EC0-301F-11D3-BF4B-00C04F79EFBC}") = "DominoApp.Services", "DominoApp.Services\DominoApp.Services.csproj", "{79032237-8826-4B11-BF08-E1D2673E0393}"
EndProject
Global
	GlobalSection(SolutionConfigurationPlatforms) = preSolution
		Debug|Any CPU = Debug|Any CPU
		Release|Any CPU = Release|Any CPU
	EndGlobalSection
	GlobalSection(ProjectConfigurationPlatforms) = postSolution
		{B8F8BBB2-7CA3-4C2B-9824-86F94C6615F3}.Debug|Any CPU.ActiveCfg = Debug|Any CPU
		{B8F8BBB2-7CA3-4C2B-9824-86F94C6615F3}.Debug|Any CPU.Build.0 = Debug|Any CPU
		{B8F8BBB2-7CA3-4C2B-9824-86F94C6615F3}.Release|Any CPU.ActiveCfg = Release|Any CPU
		{B8F8BBB2-7CA3-4C2B-9824-86F94C6615F3}.Release|Any CPU.Build.0 = Release|Any CPU
		{07AA0A73-F24C-4087-9E44-7EE906702F84}.Debug|Any CPU.ActiveCfg = Debug|Any CPU
		{07AA0A73-F24C-4087-9E44-7EE906702F84}.Debug|Any CPU.Build.0 = Debug|Any CPU
		{07AA0A73-F24C-4087-9E44-7EE906702F84}.Release|Any CPU.ActiveCfg = Release|Any CPU
		{07AA0A73-F24C-4087-9E44-7EE906702F84}.Release|Any CPU.Build.0 = Release|Any CPU
		{DB30CDB0-3598-42D8-978C-35BB8087BF2C}.Debug|Any CPU.ActiveCfg = Debug|Any CPU
		{DB30CDB0-3598-42D8-978C-35BB8087BF2C}.Debug|Any CPU.Build.0 = Debug|Any CPU
		{DB30CDB0-3598-42D8-978C-35BB8087BF2C}.Release|Any CPU.ActiveCfg = Release|Any CPU
		{DB30CDB0-3598-42D8-978C-35BB8087BF2C}.Release|Any CPU.Build.0 = Release|Any CPU
		{F0BE6FB3-154D-4FEC-A62B-A9BFFD3D67CD}.Debug|Any CPU.ActiveCfg = Debug|Any CPU
		{F0BE6FB3-154D-4FEC-A62B-A9BFFD3D67CD}.Debug|Any CPU.Build.0 = Debug|Any CPU
		{F0BE6FB3-154D-4FEC-A62B-A9BFFD3D67CD}.Release|Any CPU.ActiveCfg = Release|Any CPU
		{F0BE6FB3-154D-4FEC-A62B-A9BFFD3D67CD}.Release|Any CPU.Build.0 = Release|Any CPU
		{79032237-8826-4B11-BF08-E1D2673E0393}.Debug|Any CPU.ActiveCfg = Debug|Any CPU
		{79032237-8826-4B11-BF08-E1D2673E0393}.Debug|Any CPU.Build.0 = Debug|Any CPU
		{79032237-8826-4B11-BF08-E1D2673E0393}.Release|Any CPU.ActiveCfg = Release|Any CPU
		{79032237-8826-4B11-BF08-E1D2673E0393}.Release|Any CPU.Build.0 = Release|Any CPU
	EndGlobalSection
	GlobalSection(SolutionProperties) = preSolution
		HideSolutionNode = FALSE
	EndGlobalSection
	GlobalSection(NestedProjects) = preSolution
		{B8F8BBB2-7CA3-4C2B-9824-86F94C6615F3} = {53EBAB49-37FB-4D38-9802-98CE7D140601}
		{07AA0A73-F24C-4087-9E44-7EE906702F84} = {53EBAB49-37FB-4D38-9802-98CE7D140601}
		{DB30CDB0-3598-42D8-978C-35BB8087BF2C} = {D5EC9836-1D9E-41A2-94A9-98FFB9F4AE23}
		{F0BE6FB3-154D-4FEC-A62B-A9BFFD3D67CD} = {D5EC9836-1D9E-41A2-94A9-98FFB9F4AE23}
		{79032237-8826-4B11-BF08-E1D2673E0393} = {D5EC9836-1D9E-41A2-94A9-98FFB9F4AE23}
	EndGlobalSection
EndGlobal
